{
  "pins" : [
    {
      "identity" : "imagedownloader",
      "kind" : "remoteSourceControl",
      "location" : "https://github.com/ShapovalovIlya/ImageDownloader.git",
      "state" : {
        "branch" : "main",
        "revision" : "026057c0b48c8bc3a2fb300a0563d39d49a9064b"
      }
    },
    {
      "identity" : "swiftfp",
      "kind" : "remoteSourceControl",
      "location" : "https://github.com/ShapovalovIlya/SwiftFP.git",
      "state" : {
        "branch" : "main",
        "revision" : "45f181cbd64eefe6bacc4c64601dd421038ae1aa"
      }
    },
    {
      "identity" : "swiftudf",
      "kind" : "remoteSourceControl",
      "location" : "https://github.com/ShapovalovIlya/SwiftUDF.git",
      "state" : {
        "branch" : "main",
        "revision" : "fd9bc1b9a7f6bc69a6ab3aa5dd5d7e9e9a288990"
      }
    }
  ],
  "version" : 2
}
